// !$*UTF8*$!
{
	archiveVersion = 1;
	classes = {
	};
	objectVersion = 50;
	objects = {

/* Begin PBXBuildFile section */
		ED02C24321594D69000A882B /* AppDelegate.swift in Sources */ = {isa = PBXBuildFile; fileRef = ED02C24221594D69000A882B /* AppDelegate.swift */; };
		ED02C24521594D69000A882B /* ViewController.swift in Sources */ = {isa = PBXBuildFile; fileRef = ED02C24421594D69000A882B /* ViewController.swift */; };
		ED02C24821594D69000A882B /* Main.storyboard in Resources */ = {isa = PBXBuildFile; fileRef = ED02C24621594D69000A882B /* Main.storyboard */; };
		ED02C24B21594D69000A882B /* Hookers.xcdatamodeld in Sources */ = {isa = PBXBuildFile; fileRef = ED02C24921594D69000A882B /* Hookers.xcdatamodeld */; };
		ED02C24D21594D6B000A882B /* Assets.xcassets in Resources */ = {isa = PBXBuildFile; fileRef = ED02C24C21594D6B000A882B /* Assets.xcassets */; };
		ED02C25021594D6B000A882B /* LaunchScreen.storyboard in Resources */ = {isa = PBXBuildFile; fileRef = ED02C24E21594D6B000A882B /* LaunchScreen.storyboard */; };
		ED02C25B21594D6B000A882B /* HookersTests.swift in Sources */ = {isa = PBXBuildFile; fileRef = ED02C25A21594D6B000A882B /* HookersTests.swift */; };
/* End PBXBuildFile section */

/* Begin PBXContainerItemProxy section */
		ED02C25721594D6B000A882B /* PBXContainerItemProxy */ = {
			isa = PBXContainerItemProxy;
			containerPortal = ED02C23721594D69000A882B /* Project object */;
			proxyType = 1;
			remoteGlobalIDString = ED02C23E21594D69000A882B;
			remoteInfo = Hookers;
		};
/* End PBXContainerItemProxy section */

/* Begin PBXFileReference section */
		ED02C23F21594D69000A882B /* Hookers.app */ = {isa = PBXFileReference; explicitFileType = wrapper.application; includeInIndex = 0; path = Hookers.app; sourceTree = BUILT_PRODUCTS_DIR; };
		ED02C24221594D69000A882B /* AppDelegate.swift */ = {isa = PBXFileReference; lastKnownFileType = sourcecode.swift; path = AppDelegate.swift; sourceTree = "<group>"; };
		ED02C24421594D69000A882B /* ViewController.swift */ = {isa = PBXFileReference; lastKnownFileType = sourcecode.swift; path = ViewController.swift; sourceTree = "<group>"; };
		ED02C24721594D69000A882B /* Base */ = {isa = PBXFileReference; lastKnownFileType = file.storyboard; name = Base; path = Base.lproj/Main.storyboard; sourceTree = "<group>"; };
		ED02C24A21594D69000A882B /* Hookers.xcdatamodel */ = {isa = PBXFileReference; lastKnownFileType = wrapper.xcdatamodel; path = Hookers.xcdatamodel; sourceTree = "<group>"; };
		ED02C24C21594D6B000A882B /* Assets.xcassets */ = {isa = PBXFileReference; lastKnownFileType = folder.assetcatalog; path = Assets.xcassets; sourceTree = "<group>"; };
		ED02C24F21594D6B000A882B /* Base */ = {isa = PBXFileReference; lastKnownFileType = file.storyboard; name = Base; path = Base.lproj/LaunchScreen.storyboard; sourceTree = "<group>"; };
		ED02C25121594D6B000A882B /* Info.plist */ = {isa = PBXFileReference; lastKnownFileType = text.plist.xml; path = Info.plist; sourceTree = "<group>"; };
		ED02C25621594D6B000A882B /* HookersTests.xctest */ = {isa = PBXFileReference; explicitFileType = wrapper.cfbundle; includeInIndex = 0; path = HookersTests.xctest; sourceTree = BUILT_PRODUCTS_DIR; };
		ED02C25A21594D6B000A882B /* HookersTests.swift */ = {isa = PBXFileReference; lastKnownFileType = sourcecode.swift; path = HookersTests.swift; sourceTree = "<group>"; };
		ED02C25C21594D6B000A882B /* Info.plist */ = {isa = PBXFileReference; lastKnownFileType = text.plist.xml; path = Info.plist; sourceTree = "<group>"; };
/* End PBXFileReference section */

/* Begin PBXFrameworksBuildPhase section */
		ED02C23C21594D69000A882B /* Frameworks */ = {
			isa = PBXFrameworksBuildPhase;
			buildActionMask = 2147483647;
			files = (
			);
			runOnlyForDeploymentPostprocessing = 0;
		};
		ED02C25321594D6B000A882B /* Frameworks */ = {
			isa = PBXFrameworksBuildPhase;
			buildActionMask = 2147483647;
			files = (
			);
			runOnlyForDeploymentPostprocessing = 0;
		};
/* End PBXFrameworksBuildPhase section */

/* Begin PBXGroup section */
		ED02C23621594D69000A882B = {
			isa = PBXGroup;
			children = (
				ED02C24121594D69000A882B /* Hookers */,
				ED02C25921594D6B000A882B /* HookersTests */,
				ED02C24021594D69000A882B /* Products */,
			);
			sourceTree = "<group>";
		};
		ED02C24021594D69000A882B /* Products */ = {
			isa = PBXGroup;
			children = (
				ED02C23F21594D69000A882B /* Hookers.app */,
				ED02C25621594D6B000A882B /* HookersTests.xctest */,
			);
			name = Products;
			sourceTree = "<group>";
		};
		ED02C24121594D69000A882B /* Hookers */ = {
			isa = PBXGroup;
			children = (
				ED02C24221594D69000A882B /* AppDelegate.swift */,
				ED02C24421594D69000A882B /* ViewController.swift */,
				ED02C24621594D69000A882B /* Main.storyboard */,
				ED02C24C21594D6B000A882B /* Assets.xcassets */,
				ED02C24E21594D6B000A882B /* LaunchScreen.storyboard */,
				ED02C25121594D6B000A882B /* Info.plist */,
				ED02C24921594D69000A882B /* Hookers.xcdatamodeld */,
			);
			path = Hookers;
			sourceTree = "<group>";
		};
		ED02C25921594D6B000A882B /* HookersTests */ = {
			isa = PBXGroup;
			children = (
				ED02C25A21594D6B000A882B /* HookersTests.swift */,
				ED02C25C21594D6B000A882B /* Info.plist */,
			);
			path = HookersTests;
			sourceTree = "<group>";
		};
/* End PBXGroup section */

/* Begin PBXNativeTarget section */
		ED02C23E21594D69000A882B /* Hookers */ = {
			isa = PBXNativeTarget;
			buildConfigurationList = ED02C25F21594D6B000A882B /* Build configuration list for PBXNativeTarget "Hookers" */;
			buildPhases = (
				ED02C23B21594D69000A882B /* Sources */,
				ED02C23C21594D69000A882B /* Frameworks */,
				ED02C23D21594D69000A882B /* Resources */,
			);
			buildRules = (
			);
			dependencies = (
			);
			name = Hookers;
			productName = Hookers;
			productReference = ED02C23F21594D69000A882B /* Hookers.app */;
			productType = "com.apple.product-type.application";
		};
		ED02C25521594D6B000A882B /* HookersTests */ = {
			isa = PBXNativeTarget;
			buildConfigurationList = ED02C26221594D6B000A882B /* Build configuration list for PBXNativeTarget "HookersTests" */;
			buildPhases = (
				ED02C25221594D6B000A882B /* Sources */,
				ED02C25321594D6B000A882B /* Frameworks */,
				ED02C25421594D6B000A882B /* Resources */,
			);
			buildRules = (
			);
			dependencies = (
				ED02C25821594D6B000A882B /* PBXTargetDependency */,
			);
			name = HookersTests;
			productName = HookersTests;
			productReference = ED02C25621594D6B000A882B /* HookersTests.xctest */;
			productType = "com.apple.product-type.bundle.unit-test";
		};
/* End PBXNativeTarget section */

/* Begin PBXProject section */
		ED02C23721594D69000A882B /* Project object */ = {
			isa = PBXProject;
			attributes = {
				LastSwiftUpdateCheck = 0940;
				LastUpgradeCheck = 0940;
				ORGANIZATIONNAME = "Kirill Sokolov";
				TargetAttributes = {
					ED02C23E21594D69000A882B = {
						CreatedOnToolsVersion = 9.4.1;
					};
					ED02C25521594D6B000A882B = {
						CreatedOnToolsVersion = 9.4.1;
						TestTargetID = ED02C23E21594D69000A882B;
					};
				};
			};
			buildConfigurationList = ED02C23A21594D69000A882B /* Build configuration list for PBXProject "Hookers" */;
			compatibilityVersion = "Xcode 9.3";
			developmentRegion = en;
			hasScannedForEncodings = 0;
			knownRegions = (
				en,
				Base,
			);
			mainGroup = ED02C23621594D69000A882B;
			productRefGroup = ED02C24021594D69000A882B /* Products */;
			projectDirPath = "";
			projectRoot = "";
			targets = (
				ED02C23E21594D69000A882B /* Hookers */,
				ED02C25521594D6B000A882B /* HookersTests */,
			);
		};
/* End PBXProject section */

/* Begin PBXResourcesBuildPhase section */
		ED02C23D21594D69000A882B /* Resources */ = {
			isa = PBXResourcesBuildPhase;
			buildActionMask = 2147483647;
			files = (
				ED02C25021594D6B000A882B /* LaunchScreen.storyboard in Resources */,
				ED02C24D21594D6B000A882B /* Assets.xcassets in Resources */,
				ED02C24821594D69000A882B /* Main.storyboard in Resources */,
			);
			runOnlyForDeploymentPostprocessing = 0;
		};
		ED02C25421594D6B000A882B /* Resources */ = {
			isa = PBXResourcesBuildPhase;
			buildActionMask = 2147483647;
			files = (
			);
			runOnlyForDeploymentPostprocessing = 0;
		};
/* End PBXResourcesBuildPhase section */

/* Begin PBXSourcesBuildPhase section */
		ED02C23B21594D69000A882B /* Sources */ = {
			isa = PBXSourcesBuildPhase;
			buildActionMask = 2147483647;
			files = (
				ED02C24521594D69000A882B /* ViewController.swift in Sources */,
				ED02C24B21594D69000A882B /* Hookers.xcdatamodeld in Sources */,
				ED02C24321594D69000A882B /* AppDelegate.swift in Sources */,
			);
			runOnlyForDeploymentPostprocessing = 0;
		};
		ED02C25221594D6B000A882B /* Sources */ = {
			isa = PBXSourcesBuildPhase;
			buildActionMask = 2147483647;
			files = (
				ED02C25B21594D6B000A882B /* HookersTests.swift in Sources */,
			);
			runOnlyForDeploymentPostprocessing = 0;
		};
/* End PBXSourcesBuildPhase section */

/* Begin PBXTargetDependency section */
		ED02C25821594D6B000A882B /* PBXTargetDependency */ = {
			isa = PBXTargetDependency;
			target = ED02C23E21594D69000A882B /* Hookers */;
			targetProxy = ED02C25721594D6B000A882B /* PBXContainerItemProxy */;
		};
/* End PBXTargetDependency section */

/* Begin PBXVariantGroup section */
		ED02C24621594D69000A882B /* Main.storyboard */ = {
			isa = PBXVariantGroup;
			children = (
				ED02C24721594D69000A882B /* Base */,
			);
			name = Main.storyboard;
			sourceTree = "<group>";
		};
		ED02C24E21594D6B000A882B /* LaunchScreen.storyboard */ = {
			isa = PBXVariantGroup;
			children = (
				ED02C24F21594D6B000A882B /* Base */,
			);
			name = LaunchScreen.storyboard;
			sourceTree = "<group>";
		};
/* End PBXVariantGroup section */

/* Begin XCBuildConfiguration section */
		ED02C25D21594D6B000A882B /* Debug */ = {
			isa = XCBuildConfiguration;
			buildSettings = {
				ALWAYS_SEARCH_USER_PATHS = NO;
				CLANG_ANALYZER_NONNULL = YES;
				CLANG_ANALYZER_NUMBER_OBJECT_CONVERSION = YES_AGGRESSIVE;
				CLANG_CXX_LANGUAGE_STANDARD = "gnu++14";
				CLANG_CXX_LIBRARY = "libc++";
				CLANG_ENABLE_MODULES = YES;
				CLANG_ENABLE_OBJC_ARC = YES;
				CLANG_ENABLE_OBJC_WEAK = YES;
				CLANG_WARN_BLOCK_CAPTURE_AUTORELEASING = YES;
				CLANG_WARN_BOOL_CONVERSION = YES;
				CLANG_WARN_COMMA = YES;
				CLANG_WARN_CONSTANT_CONVERSION = YES;
				CLANG_WARN_DEPRECATED_OBJC_IMPLEMENTATIONS = YES;
				CLANG_WARN_DIRECT_OBJC_ISA_USAGE = YES_ERROR;
				CLANG_WARN_DOCUMENTATION_COMMENTS = YES;
				CLANG_WARN_EMPTY_BODY = YES;
				CLANG_WARN_ENUM_CONVERSION = YES;
				CLANG_WARN_INFINITE_RECURSION = YES;
				CLANG_WARN_INT_CONVERSION = YES;
				CLANG_WARN_NON_LITERAL_NULL_CONVERSION = YES;
				CLANG_WARN_OBJC_IMPLICIT_RETAIN_SELF = YES;
				CLANG_WARN_OBJC_LITERAL_CONVERSION = YES;
				CLANG_WARN_OBJC_ROOT_CLASS = YES_ERROR;
				CLANG_WARN_RANGE_LOOP_ANALYSIS = YES;
				CLANG_WARN_STRICT_PROTOTYPES = YES;
				CLANG_WARN_SUSPICIOUS_MOVE = YES;
				CLANG_WARN_UNGUARDED_AVAILABILITY = YES_AGGRESSIVE;
				CLANG_WARN_UNREACHABLE_CODE = YES;
				CLANG_WARN__DUPLICATE_METHOD_MATCH = YES;
				CODE_SIGN_IDENTITY = "iPhone Developer";
				COPY_PHASE_STRIP = NO;
				DEBUG_INFORMATION_FORMAT = dwarf;
				ENABLE_STRICT_OBJC_MSGSEND = YES;
				ENABLE_TESTABILITY = YES;
				GCC_C_LANGUAGE_STANDARD = gnu11;
				GCC_DYNAMIC_NO_PIC = NO;
				GCC_NO_COMMON_BLOCKS = YES;
				GCC_OPTIMIZATION_LEVEL = 0;
				GCC_PREPROCESSOR_DEFINITIONS = (
					"DEBUG=1",
					"$(inherited)",
				);
				GCC_WARN_64_TO_32_BIT_CONVERSION = YES;
				GCC_WARN_ABOUT_RETURN_TYPE = YES_ERROR;
				GCC_WARN_UNDECLARED_SELECTOR = YES;
				GCC_WARN_UNINITIALIZED_AUTOS = YES_AGGRESSIVE;
				GCC_WARN_UNUSED_FUNCTION = YES;
				GCC_WARN_UNUSED_VARIABLE = YES;
				IPHONEOS_DEPLOYMENT_TARGET = 11.4;
				MTL_ENABLE_DEBUG_INFO = YES;
				ONLY_ACTIVE_ARCH = YES;
				SDKROOT = iphoneos;
				SWIFT_ACTIVE_COMPILATION_CONDITIONS = DEBUG;
				SWIFT_OPTIMIZATION_LEVEL = "-Onone";
			};
			name = Debug;
		};
		ED02C25E21594D6B000A882B /* Release */ = {
			isa = XCBuildConfiguration;
			buildSettings = {
				ALWAYS_SEARCH_USER_PATHS = NO;
				CLANG_ANALYZER_NONNULL = YES;
				CLANG_ANALYZER_NUMBER_OBJECT_CONVERSION = YES_AGGRESSIVE;
				CLANG_CXX_LANGUAGE_STANDARD = "gnu++14";
				CLANG_CXX_LIBRARY = "libc++";
				CLANG_ENABLE_MODULES = YES;
				CLANG_ENABLE_OBJC_ARC = YES;
				CLANG_ENABLE_OBJC_WEAK = YES;
				CLANG_WARN_BLOCK_CAPTURE_AUTORELEASING = YES;
				CLANG_WARN_BOOL_CONVERSION = YES;
				CLANG_WARN_COMMA = YES;
				CLANG_WARN_CONSTANT_CONVERSION = YES;
				CLANG_WARN_DEPRECATED_OBJC_IMPLEMENTATIONS = YES;
				CLANG_WARN_DIRECT_OBJC_ISA_USAGE = YES_ERROR;
				CLANG_WARN_DOCUMENTATION_COMMENTS = YES;
				CLANG_WARN_EMPTY_BODY = YES;
				CLANG_WARN_ENUM_CONVERSION = YES;
				CLANG_WARN_INFINITE_RECURSION = YES;
				CLANG_WARN_INT_CONVERSION = YES;
				CLANG_WARN_NON_LITERAL_NULL_CONVERSION = YES;
				CLANG_WARN_OBJC_IMPLICIT_RETAIN_SELF = YES;
				CLANG_WARN_OBJC_LITERAL_CONVERSION = YES;
				CLANG_WARN_OBJC_ROOT_CLASS = YES_ERROR;
				CLANG_WARN_RANGE_LOOP_ANALYSIS = YES;
				CLANG_WARN_STRICT_PROTOTYPES = YES;
				CLANG_WARN_SUSPICIOUS_MOVE = YES;
				CLANG_WARN_UNGUARDED_AVAILABILITY = YES_AGGRESSIVE;
				CLANG_WARN_UNREACHABLE_CODE = YES;
				CLANG_WARN__DUPLICATE_METHOD_MATCH = YES;
				CODE_SIGN_IDENTITY = "iPhone Developer";
				COPY_PHASE_STRIP = NO;
				DEBUG_INFORMATION_FORMAT = "dwarf-with-dsym";
				ENABLE_NS_ASSERTIONS = NO;
				ENABLE_STRICT_OBJC_MSGSEND = YES;
				GCC_C_LANGUAGE_STANDARD = gnu11;
				GCC_NO_COMMON_BLOCKS = YES;
				GCC_WARN_64_TO_32_BIT_CONVERSION = YES;
				GCC_WARN_ABOUT_RETURN_TYPE = YES_ERROR;
				GCC_WARN_UNDECLARED_SELECTOR = YES;
				GCC_WARN_UNINITIALIZED_AUTOS = YES_AGGRESSIVE;
				GCC_WARN_UNUSED_FUNCTION = YES;
				GCC_WARN_UNUSED_VARIABLE = YES;
				IPHONEOS_DEPLOYMENT_TARGET = 11.4;
				MTL_ENABLE_DEBUG_INFO = NO;
				SDKROOT = iphoneos;
				SWIFT_COMPILATION_MODE = wholemodule;
				SWIFT_OPTIMIZATION_LEVEL = "-O";
				VALIDATE_PRODUCT = YES;
			};
			name = Release;
		};
		ED02C26021594D6B000A882B /* Debug */ = {
			isa = XCBuildConfiguration;
			buildSettings = {
				ASSETCATALOG_COMPILER_APPICON_NAME = AppIcon;
				CODE_SIGN_STYLE = Automatic;
				DEVELOPMENT_TEAM = 7AL6AYBK23;
				INFOPLIST_FILE = Hookers/Info.plist;
				LD_RUNPATH_SEARCH_PATHS = (
					"$(inherited)",
					"@executable_path/Frameworks",
				);
				PRODUCT_BUNDLE_IDENTIFIER = Kirillio.Hookers;
				PRODUCT_NAME = "$(TARGET_NAME)";
				SWIFT_VERSION = 4.0;
				TARGETED_DEVICE_FAMILY = "1,2";
			};
			name = Debug;
		};
		ED02C26121594D6B000A882B /* Release */ = {
			isa = XCBuildConfiguration;
			buildSettings = {
				ASSETCATALOG_COMPILER_APPICON_NAME = AppIcon;
				CODE_SIGN_STYLE = Automatic;
				DEVELOPMENT_TEAM = 7AL6AYBK23;
				INFOPLIST_FILE = Hookers/Info.plist;
				LD_RUNPATH_SEARCH_PATHS = (
					"$(inherited)",
					"@executable_path/Frameworks",
				);
				PRODUCT_BUNDLE_IDENTIFIER = Kirillio.Hookers;
				PRODUCT_NAME = "$(TARGET_NAME)";
				SWIFT_VERSION = 4.0;
				TARGETED_DEVICE_FAMILY = "1,2";
			};
			name = Release;
		};
		ED02C26321594D6B000A882B /* Debug */ = {
			isa = XCBuildConfiguration;
			buildSettings = {
				ALWAYS_EMBED_SWIFT_STANDARD_LIBRARIES = YES;
				BUNDLE_LOADER = "$(TEST_HOST)";
				CODE_SIGN_STYLE = Automatic;
				DEVELOPMENT_TEAM = 7AL6AYBK23;
				INFOPLIST_FILE = HookersTests/Info.plist;
				LD_RUNPATH_SEARCH_PATHS = (
					"$(inherited)",
					"@executable_path/Frameworks",
					"@loader_path/Frameworks",
				);
				PRODUCT_BUNDLE_IDENTIFIER = Kirillio.HookersTests;
				PRODUCT_NAME = "$(TARGET_NAME)";
				SWIFT_VERSION = 4.0;
				TARGETED_DEVICE_FAMILY = "1,2";
				TEST_HOST = "$(BUILT_PRODUCTS_DIR)/Hookers.app/Hookers";
			};
			name = Debug;
		};
		ED02C26421594D6B000A882B /* Release */ = {
			isa = XCBuildConfiguration;
			buildSettings = {
				ALWAYS_EMBED_SWIFT_STANDARD_LIBRARIES = YES;
				BUNDLE_LOADER = "$(TEST_HOST)";
				CODE_SIGN_STYLE = Automatic;
				DEVELOPMENT_TEAM = 7AL6AYBK23;
				INFOPLIST_FILE = HookersTests/Info.plist;
				LD_RUNPATH_SEARCH_PATHS = (
					"$(inherited)",
					"@executable_path/Frameworks",
					"@loader_path/Frameworks",
				);
				PRODUCT_BUNDLE_IDENTIFIER = Kirillio.HookersTests;
				PRODUCT_NAME = "$(TARGET_NAME)";
				SWIFT_VERSION = 4.0;
				TARGETED_DEVICE_FAMILY = "1,2";
				TEST_HOST = "$(BUILT_PRODUCTS_DIR)/Hookers.app/Hookers";
			};
			name = Release;
		};
/* End XCBuildConfiguration section */

/* Begin XCConfigurationList section */
		ED02C23A21594D69000A882B /* Build configuration list for PBXProject "Hookers" */ = {
			isa = XCConfigurationList;
			buildConfigurations = (
				ED02C25D21594D6B000A882B /* Debug */,
				ED02C25E21594D6B000A882B /* Release */,
			);
			defaultConfigurationIsVisible = 0;
			defaultConfigurationName = Release;
		};
		ED02C25F21594D6B000A882B /* Build configuration list for PBXNativeTarget "Hookers" */ = {
			isa = XCConfigurationList;
			buildConfigurations = (
				ED02C26021594D6B000A882B /* Debug */,
				ED02C26121594D6B000A882B /* Release */,
			);
			defaultConfigurationIsVisible = 0;
			defaultConfigurationName = Release;
		};
		ED02C26221594D6B000A882B /* Build configuration list for PBXNativeTarget "HookersTests" */ = {
			isa = XCConfigurationList;
			buildConfigurations = (
				ED02C26321594D6B000A882B /* Debug */,
				ED02C26421594D6B000A882B /* Release */,
			);
			defaultConfigurationIsVisible = 0;
			defaultConfigurationName = Release;
		};
/* End XCConfigurationList section */

/* Begin XCVersionGroup section */
		ED02C24921594D69000A882B /* Hookers.xcdatamodeld */ = {
			isa = XCVersionGroup;
			children = (
				ED02C24A21594D69000A882B /* Hookers.xcdatamodel */,
			);
			currentVersion = ED02C24A21594D69000A882B /* Hookers.xcdatamodel */;
			path = Hookers.xcdatamodeld;
			sourceTree = "<group>";
			versionGroupType = wrapper.xcdatamodel;
		};
/* End XCVersionGroup section */
	};
	rootObject = ED02C23721594D69000A882B /* Project object */;
}
